
Microsoft Visual Studio Solution File, Format Version 12.00
# Visual Studio 15
VisualStudioVersion = 15.0.28307.168
MinimumVisualStudioVersion = 10.0.40219.1
Project("{9A19103F-16F7-4668-BE54-9A1E7A4F7556}") = "WebSite", "WebSite\WebSite.csproj", "{9C1EB534-CCF8-46D1-A43C-379F2F4F28F6}"
EndProject
Project("{FAE04EC0-301F-11D3-BF4B-00C04F79EFBC}") = "WebSite_Golf", "WebSite_Golf\WebSite_Golf.csproj", "{0A60889C-63CF-4DCD-8155-36E5C6280299}"
EndProject
Global
	GlobalSection(SolutionConfigurationPlatforms) = preSolution
		Debug|Any CPU = Debug|Any CPU
		Release|Any CPU = Release|Any CPU
	EndGlobalSection
	GlobalSection(ProjectConfigurationPlatforms) = postSolution
		{9C1EB534-CCF8-46D1-A43C-379F2F4F28F6}.Debug|Any CPU.ActiveCfg = Debug|Any CPU
		{9C1EB534-CCF8-46D1-A43C-379F2F4F28F6}.Debug|Any CPU.Build.0 = Debug|Any CPU
		{9C1EB534-CCF8-46D1-A43C-379F2F4F28F6}.Release|Any CPU.ActiveCfg = Release|Any CPU
		{9C1EB534-CCF8-46D1-A43C-379F2F4F28F6}.Release|Any CPU.Build.0 = Release|Any CPU
		{0A60889C-63CF-4DCD-8155-36E5C6280299}.Debug|Any CPU.ActiveCfg = Debug|Any CPU
		{0A60889C-63CF-4DCD-8155-36E5C6280299}.Debug|Any CPU.Build.0 = Debug|Any CPU
		{0A60889C-63CF-4DCD-8155-36E5C6280299}.Release|Any CPU.ActiveCfg = Release|Any CPU
		{0A60889C-63CF-4DCD-8155-36E5C6280299}.Release|Any CPU.Build.0 = Release|Any CPU
	EndGlobalSection
	GlobalSection(SolutionProperties) = preSolution
		HideSolutionNode = FALSE
	EndGlobalSection
	GlobalSection(ExtensibilityGlobals) = postSolution
		SolutionGuid = {B151880D-0BC6-4DDD-BCF9-69EF7BF7180F}
	EndGlobalSection
EndGlobal
